
Microsoft Visual Studio Solution File, Format Version 12.00
# Visual Studio 15
VisualStudioVersion = 15.0.26730.16
MinimumVisualStudioVersion = 10.0.40219.1
Project("{FAE04EC0-301F-11D3-BF4B-00C04F79EFBC}") = "ShotgunAdapters.com", "ShotgunAdapters.com\ShotgunAdapters.com.csproj", "{8B4ED692-AF67-4CF9-B236-134072BD42CE}"
EndProject
Project("{FAE04EC0-301F-11D3-BF4B-00C04F79EFBC}") = "ShotgunAdapters.com.Tests", "ShotgunAdapters.com.Tests\ShotgunAdapters.com.Tests.csproj", "{38D11CB1-CCF0-4805-B037-135D05870F6A}"
EndProject
Project("{FAE04EC0-301F-11D3-BF4B-00C04F79EFBC}") = "ShoppingCart", "..\_Reusables\C#\ShoppingCart\ShoppingCart\ShoppingCart.csproj", "{DB2B6BDC-FAE9-4263-8B08-94FBEE9A3850}"
EndProject
Project("{FAE04EC0-301F-11D3-BF4B-00C04F79EFBC}") = "ShoppingCart.PayPal", "..\_Reusables\C#\ShoppingCart.PayPal\ShoppingCart.PayPal\ShoppingCart.PayPal.csproj", "{601225F6-0D4D-41AE-89BA-5677D1354BFB}"
EndProject
Project("{FAE04EC0-301F-11D3-BF4B-00C04F79EFBC}") = "Image", "..\_Reusables\C#\Image\Image.csproj", "{EA5294A7-7F80-4DA0-960B-0AE3D376C841}"
EndProject
Global
	GlobalSection(SolutionConfigurationPlatforms) = preSolution
		Debug|Any CPU = Debug|Any CPU
		Release|Any CPU = Release|Any CPU
	EndGlobalSection
	GlobalSection(ProjectConfigurationPlatforms) = postSolution
		{8B4ED692-AF67-4CF9-B236-134072BD42CE}.Debug|Any CPU.ActiveCfg = Debug|Any CPU
		{8B4ED692-AF67-4CF9-B236-134072BD42CE}.Debug|Any CPU.Build.0 = Debug|Any CPU
		{8B4ED692-AF67-4CF9-B236-134072BD42CE}.Release|Any CPU.ActiveCfg = Release|Any CPU
		{8B4ED692-AF67-4CF9-B236-134072BD42CE}.Release|Any CPU.Build.0 = Release|Any CPU
		{38D11CB1-CCF0-4805-B037-135D05870F6A}.Debug|Any CPU.ActiveCfg = Debug|Any CPU
		{38D11CB1-CCF0-4805-B037-135D05870F6A}.Debug|Any CPU.Build.0 = Debug|Any CPU
		{38D11CB1-CCF0-4805-B037-135D05870F6A}.Release|Any CPU.ActiveCfg = Release|Any CPU
		{38D11CB1-CCF0-4805-B037-135D05870F6A}.Release|Any CPU.Build.0 = Release|Any CPU
		{DB2B6BDC-FAE9-4263-8B08-94FBEE9A3850}.Debug|Any CPU.ActiveCfg = Debug|Any CPU
		{DB2B6BDC-FAE9-4263-8B08-94FBEE9A3850}.Debug|Any CPU.Build.0 = Debug|Any CPU
		{DB2B6BDC-FAE9-4263-8B08-94FBEE9A3850}.Release|Any CPU.ActiveCfg = Release|Any CPU
		{DB2B6BDC-FAE9-4263-8B08-94FBEE9A3850}.Release|Any CPU.Build.0 = Release|Any CPU
		{601225F6-0D4D-41AE-89BA-5677D1354BFB}.Debug|Any CPU.ActiveCfg = Debug|Any CPU
		{601225F6-0D4D-41AE-89BA-5677D1354BFB}.Debug|Any CPU.Build.0 = Debug|Any CPU
		{601225F6-0D4D-41AE-89BA-5677D1354BFB}.Release|Any CPU.ActiveCfg = Release|Any CPU
		{601225F6-0D4D-41AE-89BA-5677D1354BFB}.Release|Any CPU.Build.0 = Release|Any CPU
		{EA5294A7-7F80-4DA0-960B-0AE3D376C841}.Debug|Any CPU.ActiveCfg = Debug|Any CPU
		{EA5294A7-7F80-4DA0-960B-0AE3D376C841}.Debug|Any CPU.Build.0 = Debug|Any CPU
		{EA5294A7-7F80-4DA0-960B-0AE3D376C841}.Release|Any CPU.ActiveCfg = Release|Any CPU
		{EA5294A7-7F80-4DA0-960B-0AE3D376C841}.Release|Any CPU.Build.0 = Release|Any CPU
	EndGlobalSection
	GlobalSection(SolutionProperties) = preSolution
		HideSolutionNode = FALSE
	EndGlobalSection
	GlobalSection(ExtensibilityGlobals) = postSolution
		SolutionGuid = {67208910-29AE-4D9D-8372-E5F569A4653E}
	EndGlobalSection
EndGlobal
